
Microsoft Visual Studio Solution File, Format Version 12.00
# Visual Studio Version 17
VisualStudioVersion = 17.14.36616.10
MinimumVisualStudioVersion = 10.0.40219.1
Project("{FAE04EC0-301F-11D3-BF4B-00C04F79EFBC}") = "KissYagniTDV1", "KissYagniTDV1\KissYagniTDV1.csproj", "{B269FEED-0D00-4AA4-AA58-64D6F0371055}"
EndProject
Project("{FAE04EC0-301F-11D3-BF4B-00C04F79EFBC}") = "KissYagniTDV2", "KissYagniTDV2\KissYagniTDV2.csproj", "{283FCE9F-1AAE-4F44-98A9-85441F47538F}"
EndProject
Global
	GlobalSection(SolutionConfigurationPlatforms) = preSolution
		Debug|Any CPU = Debug|Any CPU
		Release|Any CPU = Release|Any CPU
	EndGlobalSection
	GlobalSection(ProjectConfigurationPlatforms) = postSolution
		{B269FEED-0D00-4AA4-AA58-64D6F0371055}.Debug|Any CPU.ActiveCfg = Debug|Any CPU
		{B269FEED-0D00-4AA4-AA58-64D6F0371055}.Debug|Any CPU.Build.0 = Debug|Any CPU
		{B269FEED-0D00-4AA4-AA58-64D6F0371055}.Release|Any CPU.ActiveCfg = Release|Any CPU
		{B269FEED-0D00-4AA4-AA58-64D6F0371055}.Release|Any CPU.Build.0 = Release|Any CPU
		{283FCE9F-1AAE-4F44-98A9-85441F47538F}.Debug|Any CPU.ActiveCfg = Debug|Any CPU
		{283FCE9F-1AAE-4F44-98A9-85441F47538F}.Debug|Any CPU.Build.0 = Debug|Any CPU
		{283FCE9F-1AAE-4F44-98A9-85441F47538F}.Release|Any CPU.ActiveCfg = Release|Any CPU
		{283FCE9F-1AAE-4F44-98A9-85441F47538F}.Release|Any CPU.Build.0 = Release|Any CPU
	EndGlobalSection
	GlobalSection(SolutionProperties) = preSolution
		HideSolutionNode = FALSE
	EndGlobalSection
	GlobalSection(ExtensibilityGlobals) = postSolution
		SolutionGuid = {F19DE1CF-C842-4990-BDA3-14AB9364A096}
	EndGlobalSection
EndGlobal
