
Microsoft Visual Studio Solution File, Format Version 12.00
# Visual Studio Version 17
VisualStudioVersion = 17.9.34607.119
MinimumVisualStudioVersion = 10.0.40219.1
Project("{9A19103F-16F7-4668-BE54-9A1E7A4F7556}") = "SOLID.LSP", "SOLID.LSP.csproj", "{1F096FD9-D531-40F9-9526-2B3ADD942D9A}"
EndProject
Project("{FAE04EC0-301F-11D3-BF4B-00C04F79EFBC}") = "SOLID.LSP.EX2", "..\SOLID.LSP.EX2\SOLID.LSP.EX2.csproj", "{015648E1-A4CC-464B-AD99-169DD82B83E3}"
EndProject
Project("{FAE04EC0-301F-11D3-BF4B-00C04F79EFBC}") = "SOLID.EX3", "..\SOLID.EX3\SOLID.EX3.csproj", "{318B0D7C-C38C-4FC8-B8E0-9DC1FA40A84D}"
EndProject
Global
	GlobalSection(SolutionConfigurationPlatforms) = preSolution
		Debug|Any CPU = Debug|Any CPU
		Release|Any CPU = Release|Any CPU
	EndGlobalSection
	GlobalSection(ProjectConfigurationPlatforms) = postSolution
		{1F096FD9-D531-40F9-9526-2B3ADD942D9A}.Debug|Any CPU.ActiveCfg = Debug|Any CPU
		{1F096FD9-D531-40F9-9526-2B3ADD942D9A}.Debug|Any CPU.Build.0 = Debug|Any CPU
		{1F096FD9-D531-40F9-9526-2B3ADD942D9A}.Release|Any CPU.ActiveCfg = Release|Any CPU
		{1F096FD9-D531-40F9-9526-2B3ADD942D9A}.Release|Any CPU.Build.0 = Release|Any CPU
		{015648E1-A4CC-464B-AD99-169DD82B83E3}.Debug|Any CPU.ActiveCfg = Debug|Any CPU
		{015648E1-A4CC-464B-AD99-169DD82B83E3}.Debug|Any CPU.Build.0 = Debug|Any CPU
		{015648E1-A4CC-464B-AD99-169DD82B83E3}.Release|Any CPU.ActiveCfg = Release|Any CPU
		{015648E1-A4CC-464B-AD99-169DD82B83E3}.Release|Any CPU.Build.0 = Release|Any CPU
		{318B0D7C-C38C-4FC8-B8E0-9DC1FA40A84D}.Debug|Any CPU.ActiveCfg = Debug|Any CPU
		{318B0D7C-C38C-4FC8-B8E0-9DC1FA40A84D}.Debug|Any CPU.Build.0 = Debug|Any CPU
		{318B0D7C-C38C-4FC8-B8E0-9DC1FA40A84D}.Release|Any CPU.ActiveCfg = Release|Any CPU
		{318B0D7C-C38C-4FC8-B8E0-9DC1FA40A84D}.Release|Any CPU.Build.0 = Release|Any CPU
	EndGlobalSection
	GlobalSection(SolutionProperties) = preSolution
		HideSolutionNode = FALSE
	EndGlobalSection
	GlobalSection(ExtensibilityGlobals) = postSolution
		SolutionGuid = {3B10D26C-30FA-4681-91C6-5D5BF912EF3A}
	EndGlobalSection
EndGlobal
